
Microsoft Visual Studio Solution File, Format Version 12.00
# Visual Studio 15
VisualStudioVersion = 15.0.28016.0
MinimumVisualStudioVersion = 10.0.40219.1
Project("{9A19103F-16F7-4668-BE54-9A1E7A4F7556}") = "KishFirstFun", "KishFirstFun\KishFirstFun.csproj", "{63D4BAC5-6F1D-4E9C-A12E-C61228BBB652}"
EndProject
Global
	GlobalSection(SolutionConfigurationPlatforms) = preSolution
		Debug|Any CPU = Debug|Any CPU
		Release|Any CPU = Release|Any CPU
	EndGlobalSection
	GlobalSection(ProjectConfigurationPlatforms) = postSolution
		{63D4BAC5-6F1D-4E9C-A12E-C61228BBB652}.Debug|Any CPU.ActiveCfg = Debug|Any CPU
		{63D4BAC5-6F1D-4E9C-A12E-C61228BBB652}.Debug|Any CPU.Build.0 = Debug|Any CPU
		{63D4BAC5-6F1D-4E9C-A12E-C61228BBB652}.Release|Any CPU.ActiveCfg = Release|Any CPU
		{63D4BAC5-6F1D-4E9C-A12E-C61228BBB652}.Release|Any CPU.Build.0 = Release|Any CPU
	EndGlobalSection
	GlobalSection(SolutionProperties) = preSolution
		HideSolutionNode = FALSE
	EndGlobalSection
	GlobalSection(ExtensibilityGlobals) = postSolution
		SolutionGuid = {20EB3CBB-D702-45FF-B5C4-A36DC940734B}
	EndGlobalSection
EndGlobal
